{
  "name": "B2402Pages",
  "version": "1.0.0",
  "lockfileVersion": 2,
  "requires": true,
  "packages": {
    "": {
      "name": "B2402Pages",
      "version": "1.0.0",
      "devDependencies": {
        "simple-keyboard": "^3.3.22"
      }
    },
    "node_modules/simple-keyboard": {
      "version": "3.3.22",
      "resolved": "https://registry.npmjs.org/simple-keyboard/-/simple-keyboard-3.3.22.tgz",
      "integrity": "sha512-dXuqORS0XbmkzAIB9lRhyDq3lbq3FManY6RgBKteC6sCirvNLT5TgMSX0v4eDLxBaBRbE/J5nV1ixQgFpzuNsw==",
      "dev": true
    }
  },
  "dependencies": {
    "simple-keyboard": {
      "version": "3.3.22",
      "resolved": "https://registry.npmjs.org/simple-keyboard/-/simple-keyboard-3.3.22.tgz",
      "integrity": "sha512-dXuqORS0XbmkzAIB9lRhyDq3lbq3FManY6RgBKteC6sCirvNLT5TgMSX0v4eDLxBaBRbE/J5nV1ixQgFpzuNsw==",
      "dev": true
    }
  }
}
